// !$*UTF8*$!
{
	archiveVersion = 1;
	classes = {
	};
	objectVersion = 48;
	objects = {

/* Begin PBXBuildFile section */
		5D2BA967205C6C5A001B40C7 /* AppDelegate.swift in Sources */ = {isa = PBXBuildFile; fileRef = 5D2BA966205C6C5A001B40C7 /* AppDelegate.swift */; };
		5D2BA969205C6C5A001B40C7 /* ViewController.swift in Sources */ = {isa = PBXBuildFile; fileRef = 5D2BA968205C6C5A001B40C7 /* ViewController.swift */; };
		5D2BA96C205C6C5A001B40C7 /* Main.storyboard in Resources */ = {isa = PBXBuildFile; fileRef = 5D2BA96A205C6C5A001B40C7 /* Main.storyboard */; };
		5D2BA96E205C6C5A001B40C7 /* Assets.xcassets in Resources */ = {isa = PBXBuildFile; fileRef = 5D2BA96D205C6C5A001B40C7 /* Assets.xcassets */; };
		5D2BA971205C6C5A001B40C7 /* LaunchScreen.storyboard in Resources */ = {isa = PBXBuildFile; fileRef = 5D2BA96F205C6C5A001B40C7 /* LaunchScreen.storyboard */; };
		5D2BA979205C6C6B001B40C7 /* Layout.swift in Sources */ = {isa = PBXBuildFile; fileRef = 5D2BA978205C6C6B001B40C7 /* Layout.swift */; };
		5D2BA97B205C6E1D001B40C7 /* ContentCell.swift in Sources */ = {isa = PBXBuildFile; fileRef = 5D2BA97A205C6E1D001B40C7 /* ContentCell.swift */; };
		A2B59895CA73EDC6FFF1D02F /* Pods_CollectionViewAnimate.framework in Frameworks */ = {isa = PBXBuildFile; fileRef = 725149A26AC2916C941503E2 /* Pods_CollectionViewAnimate.framework */; };
/* End PBXBuildFile section */

/* Begin PBXFileReference section */
		2C51E1BA4DF3399BA0149CF2 /* Pods-CollectionViewAnimate.release.xcconfig */ = {isa = PBXFileReference; includeInIndex = 1; lastKnownFileType = text.xcconfig; name = "Pods-CollectionViewAnimate.release.xcconfig"; path = "Pods/Target Support Files/Pods-CollectionViewAnimate/Pods-CollectionViewAnimate.release.xcconfig"; sourceTree = "<group>"; };
		5D2BA963205C6C5A001B40C7 /* CollectionViewAnimate.app */ = {isa = PBXFileReference; explicitFileType = wrapper.application; includeInIndex = 0; path = CollectionViewAnimate.app; sourceTree = BUILT_PRODUCTS_DIR; };
		5D2BA966205C6C5A001B40C7 /* AppDelegate.swift */ = {isa = PBXFileReference; lastKnownFileType = sourcecode.swift; path = AppDelegate.swift; sourceTree = "<group>"; };
		5D2BA968205C6C5A001B40C7 /* ViewController.swift */ = {isa = PBXFileReference; lastKnownFileType = sourcecode.swift; path = ViewController.swift; sourceTree = "<group>"; };
		5D2BA96B205C6C5A001B40C7 /* Base */ = {isa = PBXFileReference; lastKnownFileType = file.storyboard; name = Base; path = Base.lproj/Main.storyboard; sourceTree = "<group>"; };
		5D2BA96D205C6C5A001B40C7 /* Assets.xcassets */ = {isa = PBXFileReference; lastKnownFileType = folder.assetcatalog; path = Assets.xcassets; sourceTree = "<group>"; };
		5D2BA970205C6C5A001B40C7 /* Base */ = {isa = PBXFileReference; lastKnownFileType = file.storyboard; name = Base; path = Base.lproj/LaunchScreen.storyboard; sourceTree = "<group>"; };
		5D2BA972205C6C5A001B40C7 /* Info.plist */ = {isa = PBXFileReference; lastKnownFileType = text.plist.xml; path = Info.plist; sourceTree = "<group>"; };
		5D2BA978205C6C6B001B40C7 /* Layout.swift */ = {isa = PBXFileReference; lastKnownFileType = sourcecode.swift; path = Layout.swift; sourceTree = "<group>"; };
		5D2BA97A205C6E1D001B40C7 /* ContentCell.swift */ = {isa = PBXFileReference; lastKnownFileType = sourcecode.swift; path = ContentCell.swift; sourceTree = "<group>"; };
		69328CA511EE439A8825AE3C /* Pods-CollectionViewAnimate.debug.xcconfig */ = {isa = PBXFileReference; includeInIndex = 1; lastKnownFileType = text.xcconfig; name = "Pods-CollectionViewAnimate.debug.xcconfig"; path = "Pods/Target Support Files/Pods-CollectionViewAnimate/Pods-CollectionViewAnimate.debug.xcconfig"; sourceTree = "<group>"; };
		725149A26AC2916C941503E2 /* Pods_CollectionViewAnimate.framework */ = {isa = PBXFileReference; explicitFileType = wrapper.framework; includeInIndex = 0; path = Pods_CollectionViewAnimate.framework; sourceTree = BUILT_PRODUCTS_DIR; };
/* End PBXFileReference section */

/* Begin PBXFrameworksBuildPhase section */
		5D2BA960205C6C5A001B40C7 /* Frameworks */ = {
			isa = PBXFrameworksBuildPhase;
			buildActionMask = 2147483647;
			files = (
				A2B59895CA73EDC6FFF1D02F /* Pods_CollectionViewAnimate.framework in Frameworks */,
			);
			runOnlyForDeploymentPostprocessing = 0;
		};
/* End PBXFrameworksBuildPhase section */

/* Begin PBXGroup section */
		1B62F077200414D4CFFA393F /* Frameworks */ = {
			isa = PBXGroup;
			children = (
				725149A26AC2916C941503E2 /* Pods_CollectionViewAnimate.framework */,
			);
			name = Frameworks;
			sourceTree = "<group>";
		};
		5D2BA95A205C6C5A001B40C7 = {
			isa = PBXGroup;
			children = (
				5D2BA965205C6C5A001B40C7 /* CollectionViewAnimate */,
				5D2BA964205C6C5A001B40C7 /* Products */,
				D82D7B0B7D35B0EB438A6F3F /* Pods */,
				1B62F077200414D4CFFA393F /* Frameworks */,
			);
			sourceTree = "<group>";
		};
		5D2BA964205C6C5A001B40C7 /* Products */ = {
			isa = PBXGroup;
			children = (
				5D2BA963205C6C5A001B40C7 /* CollectionViewAnimate.app */,
			);
			name = Products;
			sourceTree = "<group>";
		};
		5D2BA965205C6C5A001B40C7 /* CollectionViewAnimate */ = {
			isa = PBXGroup;
			children = (
				5D2BA966205C6C5A001B40C7 /* AppDelegate.swift */,
				5D2BA968205C6C5A001B40C7 /* ViewController.swift */,
				5D2BA97A205C6E1D001B40C7 /* ContentCell.swift */,
				5D2BA978205C6C6B001B40C7 /* Layout.swift */,
				5D2BA96A205C6C5A001B40C7 /* Main.storyboard */,
				5D2BA96D205C6C5A001B40C7 /* Assets.xcassets */,
				5D2BA96F205C6C5A001B40C7 /* LaunchScreen.storyboard */,
				5D2BA972205C6C5A001B40C7 /* Info.plist */,
			);
			path = CollectionViewAnimate;
			sourceTree = "<group>";
		};
		D82D7B0B7D35B0EB438A6F3F /* Pods */ = {
			isa = PBXGroup;
			children = (
				69328CA511EE439A8825AE3C /* Pods-CollectionViewAnimate.debug.xcconfig */,
				2C51E1BA4DF3399BA0149CF2 /* Pods-CollectionViewAnimate.release.xcconfig */,
			);
			name = Pods;
			sourceTree = "<group>";
		};
/* End PBXGroup section */

/* Begin PBXNativeTarget section */
		5D2BA962205C6C5A001B40C7 /* CollectionViewAnimate */ = {
			isa = PBXNativeTarget;
			buildConfigurationList = 5D2BA975205C6C5A001B40C7 /* Build configuration list for PBXNativeTarget "CollectionViewAnimate" */;
			buildPhases = (
				385932CA57C3ACE4809D28E1 /* [CP] Check Pods Manifest.lock */,
				5D2BA95F205C6C5A001B40C7 /* Sources */,
				5D2BA960205C6C5A001B40C7 /* Frameworks */,
				5D2BA961205C6C5A001B40C7 /* Resources */,
				F3C2F281B82E2BA67927C48C /* [CP] Embed Pods Frameworks */,
				5AC6F1CC489B924280409B7E /* [CP] Copy Pods Resources */,
			);
			buildRules = (
			);
			dependencies = (
			);
			name = CollectionViewAnimate;
			productName = CollectionViewAnimate;
			productReference = 5D2BA963205C6C5A001B40C7 /* CollectionViewAnimate.app */;
			productType = "com.apple.product-type.application";
		};
/* End PBXNativeTarget section */

/* Begin PBXProject section */
		5D2BA95B205C6C5A001B40C7 /* Project object */ = {
			isa = PBXProject;
			attributes = {
				LastSwiftUpdateCheck = 0920;
				LastUpgradeCheck = 0920;
				ORGANIZATIONNAME = "Ryan Temple";
				TargetAttributes = {
					5D2BA962205C6C5A001B40C7 = {
						CreatedOnToolsVersion = 9.2;
						ProvisioningStyle = Automatic;
					};
				};
			};
			buildConfigurationList = 5D2BA95E205C6C5A001B40C7 /* Build configuration list for PBXProject "CollectionViewAnimate" */;
			compatibilityVersion = "Xcode 8.0";
			developmentRegion = en;
			hasScannedForEncodings = 0;
			knownRegions = (
				en,
				Base,
			);
			mainGroup = 5D2BA95A205C6C5A001B40C7;
			productRefGroup = 5D2BA964205C6C5A001B40C7 /* Products */;
			projectDirPath = "";
			projectRoot = "";
			targets = (
				5D2BA962205C6C5A001B40C7 /* CollectionViewAnimate */,
			);
		};
/* End PBXProject section */

/* Begin PBXResourcesBuildPhase section */
		5D2BA961205C6C5A001B40C7 /* Resources */ = {
			isa = PBXResourcesBuildPhase;
			buildActionMask = 2147483647;
			files = (
				5D2BA971205C6C5A001B40C7 /* LaunchScreen.storyboard in Resources */,
				5D2BA96E205C6C5A001B40C7 /* Assets.xcassets in Resources */,
				5D2BA96C205C6C5A001B40C7 /* Main.storyboard in Resources */,
			);
			runOnlyForDeploymentPostprocessing = 0;
		};
/* End PBXResourcesBuildPhase section */

/* Begin PBXShellScriptBuildPhase section */
		385932CA57C3ACE4809D28E1 /* [CP] Check Pods Manifest.lock */ = {
			isa = PBXShellScriptBuildPhase;
			buildActionMask = 2147483647;
			files = (
			);
			inputPaths = (
				"${PODS_PODFILE_DIR_PATH}/Podfile.lock",
				"${PODS_ROOT}/Manifest.lock",
			);
			name = "[CP] Check Pods Manifest.lock";
			outputPaths = (
				"$(DERIVED_FILE_DIR)/Pods-CollectionViewAnimate-checkManifestLockResult.txt",
			);
			runOnlyForDeploymentPostprocessing = 0;
			shellPath = /bin/sh;
			shellScript = "diff \"${PODS_PODFILE_DIR_PATH}/Podfile.lock\" \"${PODS_ROOT}/Manifest.lock\" > /dev/null\nif [ $? != 0 ] ; then\n    # print error to STDERR\n    echo \"error: The sandbox is not in sync with the Podfile.lock. Run 'pod install' or update your CocoaPods installation.\" >&2\n    exit 1\nfi\n# This output is used by Xcode 'outputs' to avoid re-running this script phase.\necho \"SUCCESS\" > \"${SCRIPT_OUTPUT_FILE_0}\"\n";
			showEnvVarsInLog = 0;
		};
		5AC6F1CC489B924280409B7E /* [CP] Copy Pods Resources */ = {
			isa = PBXShellScriptBuildPhase;
			buildActionMask = 2147483647;
			files = (
			);
			inputPaths = (
			);
			name = "[CP] Copy Pods Resources";
			outputPaths = (
			);
			runOnlyForDeploymentPostprocessing = 0;
			shellPath = /bin/sh;
			shellScript = "\"${SRCROOT}/Pods/Target Support Files/Pods-CollectionViewAnimate/Pods-CollectionViewAnimate-resources.sh\"\n";
			showEnvVarsInLog = 0;
		};
		F3C2F281B82E2BA67927C48C /* [CP] Embed Pods Frameworks */ = {
			isa = PBXShellScriptBuildPhase;
			buildActionMask = 2147483647;
			files = (
			);
			inputPaths = (
				"${SRCROOT}/Pods/Target Support Files/Pods-CollectionViewAnimate/Pods-CollectionViewAnimate-frameworks.sh",
				"${BUILT_PRODUCTS_DIR}/SnapKit/SnapKit.framework",
			);
			name = "[CP] Embed Pods Frameworks";
			outputPaths = (
				"${TARGET_BUILD_DIR}/${FRAMEWORKS_FOLDER_PATH}/SnapKit.framework",
			);
			runOnlyForDeploymentPostprocessing = 0;
			shellPath = /bin/sh;
			shellScript = "\"${SRCROOT}/Pods/Target Support Files/Pods-CollectionViewAnimate/Pods-CollectionViewAnimate-frameworks.sh\"\n";
			showEnvVarsInLog = 0;
		};
/* End PBXShellScriptBuildPhase section */

/* Begin PBXSourcesBuildPhase section */
		5D2BA95F205C6C5A001B40C7 /* Sources */ = {
			isa = PBXSourcesBuildPhase;
			buildActionMask = 2147483647;
			files = (
				5D2BA969205C6C5A001B40C7 /* ViewController.swift in Sources */,
				5D2BA967205C6C5A001B40C7 /* AppDelegate.swift in Sources */,
				5D2BA979205C6C6B001B40C7 /* Layout.swift in Sources */,
				5D2BA97B205C6E1D001B40C7 /* ContentCell.swift in Sources */,
			);
			runOnlyForDeploymentPostprocessing = 0;
		};
/* End PBXSourcesBuildPhase section */

/* Begin PBXVariantGroup section */
		5D2BA96A205C6C5A001B40C7 /* Main.storyboard */ = {
			isa = PBXVariantGroup;
			children = (
				5D2BA96B205C6C5A001B40C7 /* Base */,
			);
			name = Main.storyboard;
			sourceTree = "<group>";
		};
		5D2BA96F205C6C5A001B40C7 /* LaunchScreen.storyboard */ = {
			isa = PBXVariantGroup;
			children = (
				5D2BA970205C6C5A001B40C7 /* Base */,
			);
			name = LaunchScreen.storyboard;
			sourceTree = "<group>";
		};
/* End PBXVariantGroup section */

/* Begin XCBuildConfiguration section */
		5D2BA973205C6C5A001B40C7 /* Debug */ = {
			isa = XCBuildConfiguration;
			buildSettings = {
				ALWAYS_SEARCH_USER_PATHS = NO;
				CLANG_ANALYZER_NONNULL = YES;
				CLANG_ANALYZER_NUMBER_OBJECT_CONVERSION = YES_AGGRESSIVE;
				CLANG_CXX_LANGUAGE_STANDARD = "gnu++14";
				CLANG_CXX_LIBRARY = "libc++";
				CLANG_ENABLE_MODULES = YES;
				CLANG_ENABLE_OBJC_ARC = YES;
				CLANG_WARN_BLOCK_CAPTURE_AUTORELEASING = YES;
				CLANG_WARN_BOOL_CONVERSION = YES;
				CLANG_WARN_COMMA = YES;
				CLANG_WARN_CONSTANT_CONVERSION = YES;
				CLANG_WARN_DIRECT_OBJC_ISA_USAGE = YES_ERROR;
				CLANG_WARN_DOCUMENTATION_COMMENTS = YES;
				CLANG_WARN_EMPTY_BODY = YES;
				CLANG_WARN_ENUM_CONVERSION = YES;
				CLANG_WARN_INFINITE_RECURSION = YES;
				CLANG_WARN_INT_CONVERSION = YES;
				CLANG_WARN_NON_LITERAL_NULL_CONVERSION = YES;
				CLANG_WARN_OBJC_LITERAL_CONVERSION = YES;
				CLANG_WARN_OBJC_ROOT_CLASS = YES_ERROR;
				CLANG_WARN_RANGE_LOOP_ANALYSIS = YES;
				CLANG_WARN_STRICT_PROTOTYPES = YES;
				CLANG_WARN_SUSPICIOUS_MOVE = YES;
				CLANG_WARN_UNGUARDED_AVAILABILITY = YES_AGGRESSIVE;
				CLANG_WARN_UNREACHABLE_CODE = YES;
				CLANG_WARN__DUPLICATE_METHOD_MATCH = YES;
				CODE_SIGN_IDENTITY = "iPhone Developer";
				COPY_PHASE_STRIP = NO;
				DEBUG_INFORMATION_FORMAT = dwarf;
				ENABLE_STRICT_OBJC_MSGSEND = YES;
				ENABLE_TESTABILITY = YES;
				GCC_C_LANGUAGE_STANDARD = gnu11;
				GCC_DYNAMIC_NO_PIC = NO;
				GCC_NO_COMMON_BLOCKS = YES;
				GCC_OPTIMIZATION_LEVEL = 0;
				GCC_PREPROCESSOR_DEFINITIONS = (
					"DEBUG=1",
					"$(inherited)",
				);
				GCC_WARN_64_TO_32_BIT_CONVERSION = YES;
				GCC_WARN_ABOUT_RETURN_TYPE = YES_ERROR;
				GCC_WARN_UNDECLARED_SELECTOR = YES;
				GCC_WARN_UNINITIALIZED_AUTOS = YES_AGGRESSIVE;
				GCC_WARN_UNUSED_FUNCTION = YES;
				GCC_WARN_UNUSED_VARIABLE = YES;
				IPHONEOS_DEPLOYMENT_TARGET = 11.2;
				MTL_ENABLE_DEBUG_INFO = YES;
				ONLY_ACTIVE_ARCH = YES;
				SDKROOT = iphoneos;
				SWIFT_ACTIVE_COMPILATION_CONDITIONS = DEBUG;
				SWIFT_OPTIMIZATION_LEVEL = "-Onone";
			};
			name = Debug;
		};
		5D2BA974205C6C5A001B40C7 /* Release */ = {
			isa = XCBuildConfiguration;
			buildSettings = {
				ALWAYS_SEARCH_USER_PATHS = NO;
				CLANG_ANALYZER_NONNULL = YES;
				CLANG_ANALYZER_NUMBER_OBJECT_CONVERSION = YES_AGGRESSIVE;
				CLANG_CXX_LANGUAGE_STANDARD = "gnu++14";
				CLANG_CXX_LIBRARY = "libc++";
				CLANG_ENABLE_MODULES = YES;
				CLANG_ENABLE_OBJC_ARC = YES;
				CLANG_WARN_BLOCK_CAPTURE_AUTORELEASING = YES;
				CLANG_WARN_BOOL_CONVERSION = YES;
				CLANG_WARN_COMMA = YES;
				CLANG_WARN_CONSTANT_CONVERSION = YES;
				CLANG_WARN_DIRECT_OBJC_ISA_USAGE = YES_ERROR;
				CLANG_WARN_DOCUMENTATION_COMMENTS = YES;
				CLANG_WARN_EMPTY_BODY = YES;
				CLANG_WARN_ENUM_CONVERSION = YES;
				CLANG_WARN_INFINITE_RECURSION = YES;
				CLANG_WARN_INT_CONVERSION = YES;
				CLANG_WARN_NON_LITERAL_NULL_CONVERSION = YES;
				CLANG_WARN_OBJC_LITERAL_CONVERSION = YES;
				CLANG_WARN_OBJC_ROOT_CLASS = YES_ERROR;
				CLANG_WARN_RANGE_LOOP_ANALYSIS = YES;
				CLANG_WARN_STRICT_PROTOTYPES = YES;
				CLANG_WARN_SUSPICIOUS_MOVE = YES;
				CLANG_WARN_UNGUARDED_AVAILABILITY = YES_AGGRESSIVE;
				CLANG_WARN_UNREACHABLE_CODE = YES;
				CLANG_WARN__DUPLICATE_METHOD_MATCH = YES;
				CODE_SIGN_IDENTITY = "iPhone Developer";
				COPY_PHASE_STRIP = NO;
				DEBUG_INFORMATION_FORMAT = "dwarf-with-dsym";
				ENABLE_NS_ASSERTIONS = NO;
				ENABLE_STRICT_OBJC_MSGSEND = YES;
				GCC_C_LANGUAGE_STANDARD = gnu11;
				GCC_NO_COMMON_BLOCKS = YES;
				GCC_WARN_64_TO_32_BIT_CONVERSION = YES;
				GCC_WARN_ABOUT_RETURN_TYPE = YES_ERROR;
				GCC_WARN_UNDECLARED_SELECTOR = YES;
				GCC_WARN_UNINITIALIZED_AUTOS = YES_AGGRESSIVE;
				GCC_WARN_UNUSED_FUNCTION = YES;
				GCC_WARN_UNUSED_VARIABLE = YES;
				IPHONEOS_DEPLOYMENT_TARGET = 11.2;
				MTL_ENABLE_DEBUG_INFO = NO;
				SDKROOT = iphoneos;
				SWIFT_OPTIMIZATION_LEVEL = "-Owholemodule";
				VALIDATE_PRODUCT = YES;
			};
			name = Release;
		};
		5D2BA976205C6C5A001B40C7 /* Debug */ = {
			isa = XCBuildConfiguration;
			baseConfigurationReference = 69328CA511EE439A8825AE3C /* Pods-CollectionViewAnimate.debug.xcconfig */;
			buildSettings = {
				ASSETCATALOG_COMPILER_APPICON_NAME = AppIcon;
				CODE_SIGN_STYLE = Automatic;
				DEVELOPMENT_TEAM = 4B2232Q834;
				INFOPLIST_FILE = CollectionViewAnimate/Info.plist;
				LD_RUNPATH_SEARCH_PATHS = "$(inherited) @executable_path/Frameworks";
				PRODUCT_BUNDLE_IDENTIFIER = com.ryantemple.CollectionViewAnimate;
				PRODUCT_NAME = "$(TARGET_NAME)";
				SWIFT_VERSION = 4.0;
				TARGETED_DEVICE_FAMILY = "1,2";
			};
			name = Debug;
		};
		5D2BA977205C6C5A001B40C7 /* Release */ = {
			isa = XCBuildConfiguration;
			baseConfigurationReference = 2C51E1BA4DF3399BA0149CF2 /* Pods-CollectionViewAnimate.release.xcconfig */;
			buildSettings = {
				ASSETCATALOG_COMPILER_APPICON_NAME = AppIcon;
				CODE_SIGN_STYLE = Automatic;
				DEVELOPMENT_TEAM = 4B2232Q834;
				INFOPLIST_FILE = CollectionViewAnimate/Info.plist;
				LD_RUNPATH_SEARCH_PATHS = "$(inherited) @executable_path/Frameworks";
				PRODUCT_BUNDLE_IDENTIFIER = com.ryantemple.CollectionViewAnimate;
				PRODUCT_NAME = "$(TARGET_NAME)";
				SWIFT_VERSION = 4.0;
				TARGETED_DEVICE_FAMILY = "1,2";
			};
			name = Release;
		};
/* End XCBuildConfiguration section */

/* Begin XCConfigurationList section */
		5D2BA95E205C6C5A001B40C7 /* Build configuration list for PBXProject "CollectionViewAnimate" */ = {
			isa = XCConfigurationList;
			buildConfigurations = (
				5D2BA973205C6C5A001B40C7 /* Debug */,
				5D2BA974205C6C5A001B40C7 /* Release */,
			);
			defaultConfigurationIsVisible = 0;
			defaultConfigurationName = Release;
		};
		5D2BA975205C6C5A001B40C7 /* Build configuration list for PBXNativeTarget "CollectionViewAnimate" */ = {
			isa = XCConfigurationList;
			buildConfigurations = (
				5D2BA976205C6C5A001B40C7 /* Debug */,
				5D2BA977205C6C5A001B40C7 /* Release */,
			);
			defaultConfigurationIsVisible = 0;
			defaultConfigurationName = Release;
		};
/* End XCConfigurationList section */
	};
	rootObject = 5D2BA95B205C6C5A001B40C7 /* Project object */;
}
